
Microsoft Visual Studio Solution File, Format Version 12.00
# Visual Studio Version 17
VisualStudioVersion = 17.2.32616.157
MinimumVisualStudioVersion = 10.0.40219.1
Project("{9A19103F-16F7-4668-BE54-9A1E7A4F7556}") = "WarehouseCoreLib", "WarehouseCoreLib\WarehouseCoreLib.csproj", "{40F2BB1C-EFB8-4E39-B5A3-29282129F2E9}"
EndProject
Project("{9A19103F-16F7-4668-BE54-9A1E7A4F7556}") = "WarehouseModels", "WarehouseModels\WarehouseModels.csproj", "{C7E66D21-B04C-4552-BD79-C4325C67EACE}"
EndProject
Project("{FAE04EC0-301F-11D3-BF4B-00C04F79EFBC}") = "WarehouseRESTfulAPI", "WarehouseRESTfulAPI\WarehouseRESTfulAPI.csproj", "{2DA8B055-DF8C-4C01-B4DD-699B08F5FDF4}"
EndProject
Project("{FAE04EC0-301F-11D3-BF4B-00C04F79EFBC}") = "WarehouseTestingUnit", "WarehouseTestingUnit\WarehouseTestingUnit.csproj", "{D9F888DD-2870-420A-AA3F-3328B814E011}"
EndProject
Project("{FAE04EC0-301F-11D3-BF4B-00C04F79EFBC}") = "WarehouseRepositories", "WarehouseRepositories\WarehouseRepositories.csproj", "{B1F3EAF0-E77C-4D7C-871F-CC13A6CDC418}"
EndProject
Global
	GlobalSection(SolutionConfigurationPlatforms) = preSolution
		Debug|Any CPU = Debug|Any CPU
		Release|Any CPU = Release|Any CPU
	EndGlobalSection
	GlobalSection(ProjectConfigurationPlatforms) = postSolution
		{40F2BB1C-EFB8-4E39-B5A3-29282129F2E9}.Debug|Any CPU.ActiveCfg = Debug|Any CPU
		{40F2BB1C-EFB8-4E39-B5A3-29282129F2E9}.Debug|Any CPU.Build.0 = Debug|Any CPU
		{40F2BB1C-EFB8-4E39-B5A3-29282129F2E9}.Release|Any CPU.ActiveCfg = Release|Any CPU
		{40F2BB1C-EFB8-4E39-B5A3-29282129F2E9}.Release|Any CPU.Build.0 = Release|Any CPU
		{C7E66D21-B04C-4552-BD79-C4325C67EACE}.Debug|Any CPU.ActiveCfg = Debug|Any CPU
		{C7E66D21-B04C-4552-BD79-C4325C67EACE}.Debug|Any CPU.Build.0 = Debug|Any CPU
		{C7E66D21-B04C-4552-BD79-C4325C67EACE}.Release|Any CPU.ActiveCfg = Release|Any CPU
		{C7E66D21-B04C-4552-BD79-C4325C67EACE}.Release|Any CPU.Build.0 = Release|Any CPU
		{2DA8B055-DF8C-4C01-B4DD-699B08F5FDF4}.Debug|Any CPU.ActiveCfg = Debug|Any CPU
		{2DA8B055-DF8C-4C01-B4DD-699B08F5FDF4}.Debug|Any CPU.Build.0 = Debug|Any CPU
		{2DA8B055-DF8C-4C01-B4DD-699B08F5FDF4}.Release|Any CPU.ActiveCfg = Release|Any CPU
		{2DA8B055-DF8C-4C01-B4DD-699B08F5FDF4}.Release|Any CPU.Build.0 = Release|Any CPU
		{D9F888DD-2870-420A-AA3F-3328B814E011}.Debug|Any CPU.ActiveCfg = Debug|Any CPU
		{D9F888DD-2870-420A-AA3F-3328B814E011}.Debug|Any CPU.Build.0 = Debug|Any CPU
		{D9F888DD-2870-420A-AA3F-3328B814E011}.Release|Any CPU.ActiveCfg = Release|Any CPU
		{D9F888DD-2870-420A-AA3F-3328B814E011}.Release|Any CPU.Build.0 = Release|Any CPU
		{B1F3EAF0-E77C-4D7C-871F-CC13A6CDC418}.Debug|Any CPU.ActiveCfg = Debug|Any CPU
		{B1F3EAF0-E77C-4D7C-871F-CC13A6CDC418}.Debug|Any CPU.Build.0 = Debug|Any CPU
		{B1F3EAF0-E77C-4D7C-871F-CC13A6CDC418}.Release|Any CPU.ActiveCfg = Release|Any CPU
		{B1F3EAF0-E77C-4D7C-871F-CC13A6CDC418}.Release|Any CPU.Build.0 = Release|Any CPU
	EndGlobalSection
	GlobalSection(SolutionProperties) = preSolution
		HideSolutionNode = FALSE
	EndGlobalSection
	GlobalSection(ExtensibilityGlobals) = postSolution
		SolutionGuid = {BF948C1E-6E63-4078-9EFD-1FE6FA9D9B23}
	EndGlobalSection
EndGlobal
